
Microsoft Visual Studio Solution File, Format Version 12.00
# Visual Studio Version 17
VisualStudioVersion = 17.8.34309.116
MinimumVisualStudioVersion = 10.0.40219.1
Project("{FAE04EC0-301F-11D3-BF4B-00C04F79EFBC}") = "SMS", "SMS\SMS.csproj", "{D8A939CE-1250-4256-83B8-7A5CB18B82CF}"
EndProject
Global
	GlobalSection(SolutionConfigurationPlatforms) = preSolution
		Debug|Any CPU = Debug|Any CPU
		Release|Any CPU = Release|Any CPU
	EndGlobalSection
	GlobalSection(ProjectConfigurationPlatforms) = postSolution
		{D8A939CE-1250-4256-83B8-7A5CB18B82CF}.Debug|Any CPU.ActiveCfg = Debug|Any CPU
		{D8A939CE-1250-4256-83B8-7A5CB18B82CF}.Debug|Any CPU.Build.0 = Debug|Any CPU
		{D8A939CE-1250-4256-83B8-7A5CB18B82CF}.Release|Any CPU.ActiveCfg = Release|Any CPU
		{D8A939CE-1250-4256-83B8-7A5CB18B82CF}.Release|Any CPU.Build.0 = Release|Any CPU
	EndGlobalSection
	GlobalSection(SolutionProperties) = preSolution
		HideSolutionNode = FALSE
	EndGlobalSection
	GlobalSection(ExtensibilityGlobals) = postSolution
		SolutionGuid = {FAEB577C-692A-4534-B016-68E1F1B55F27}
	EndGlobalSection
EndGlobal
